
Microsoft Visual Studio Solution File, Format Version 12.00
# Visual Studio 15
VisualStudioVersion = 15.0.28307.168
MinimumVisualStudioVersion = 10.0.40219.1
Project("{FAE04EC0-301F-11D3-BF4B-00C04F79EFBC}") = "Mastermind.ConsoleApp", "Mastermind.ConsoleApp\Mastermind.ConsoleApp.csproj", "{BF723836-E907-42BF-9151-39DFB7764B39}"
EndProject
Project("{FAE04EC0-301F-11D3-BF4B-00C04F79EFBC}") = "Mastermind.Models", "Mastermind.Models\Mastermind.Models.csproj", "{BF28914B-B38A-4F06-8249-9A4DC76BA3A5}"
EndProject
Global
	GlobalSection(SolutionConfigurationPlatforms) = preSolution
		Debug|Any CPU = Debug|Any CPU
		Release|Any CPU = Release|Any CPU
	EndGlobalSection
	GlobalSection(ProjectConfigurationPlatforms) = postSolution
		{BF723836-E907-42BF-9151-39DFB7764B39}.Debug|Any CPU.ActiveCfg = Debug|Any CPU
		{BF723836-E907-42BF-9151-39DFB7764B39}.Debug|Any CPU.Build.0 = Debug|Any CPU
		{BF723836-E907-42BF-9151-39DFB7764B39}.Release|Any CPU.ActiveCfg = Release|Any CPU
		{BF723836-E907-42BF-9151-39DFB7764B39}.Release|Any CPU.Build.0 = Release|Any CPU
		{BF28914B-B38A-4F06-8249-9A4DC76BA3A5}.Debug|Any CPU.ActiveCfg = Debug|Any CPU
		{BF28914B-B38A-4F06-8249-9A4DC76BA3A5}.Debug|Any CPU.Build.0 = Debug|Any CPU
		{BF28914B-B38A-4F06-8249-9A4DC76BA3A5}.Release|Any CPU.ActiveCfg = Release|Any CPU
		{BF28914B-B38A-4F06-8249-9A4DC76BA3A5}.Release|Any CPU.Build.0 = Release|Any CPU
	EndGlobalSection
	GlobalSection(SolutionProperties) = preSolution
		HideSolutionNode = FALSE
	EndGlobalSection
	GlobalSection(ExtensibilityGlobals) = postSolution
		SolutionGuid = {D94805C8-31C3-4396-BE40-1AB7CD4674C9}
	EndGlobalSection
EndGlobal
